
Microsoft Visual Studio Solution File, Format Version 12.00
# Visual Studio Version 17
VisualStudioVersion = 17.3.32901.215
MinimumVisualStudioVersion = 10.0.40219.1
Project("{FAE04EC0-301F-11D3-BF4B-00C04F79EFBC}") = "webapp", "webapp\webapp.csproj", "{D5B54FC6-8FDD-4950-BDA6-7406FECBA7FF}"
EndProject
Global
	GlobalSection(SolutionConfigurationPlatforms) = preSolution
		Debug|Any CPU = Debug|Any CPU
		Release|Any CPU = Release|Any CPU
	EndGlobalSection
	GlobalSection(ProjectConfigurationPlatforms) = postSolution
		{D5B54FC6-8FDD-4950-BDA6-7406FECBA7FF}.Debug|Any CPU.ActiveCfg = Debug|Any CPU
		{D5B54FC6-8FDD-4950-BDA6-7406FECBA7FF}.Debug|Any CPU.Build.0 = Debug|Any CPU
		{D5B54FC6-8FDD-4950-BDA6-7406FECBA7FF}.Release|Any CPU.ActiveCfg = Release|Any CPU
		{D5B54FC6-8FDD-4950-BDA6-7406FECBA7FF}.Release|Any CPU.Build.0 = Release|Any CPU
	EndGlobalSection
	GlobalSection(SolutionProperties) = preSolution
		HideSolutionNode = FALSE
	EndGlobalSection
	GlobalSection(ExtensibilityGlobals) = postSolution
		SolutionGuid = {513BFADD-18C8-4BB3-97E5-AED5B722B45E}
	EndGlobalSection
EndGlobal
